
Microsoft Visual Studio Solution File, Format Version 12.00
# Visual Studio Version 17
VisualStudioVersion = 17.11.35222.181
MinimumVisualStudioVersion = 10.0.40219.1
Project("{8BC9CEB8-8B4A-11D0-8D11-00A0C91BC942}") = "for_paralelo", "for_paralelo\for_paralelo.vcxproj", "{FF0F775F-DB8E-4669-B2CD-212A427ED132}"
EndProject
Global
	GlobalSection(SolutionConfigurationPlatforms) = preSolution
		Debug|x64 = Debug|x64
		Debug|x86 = Debug|x86
		Release|x64 = Release|x64
		Release|x86 = Release|x86
	EndGlobalSection
	GlobalSection(ProjectConfigurationPlatforms) = postSolution
		{FF0F775F-DB8E-4669-B2CD-212A427ED132}.Debug|x64.ActiveCfg = Debug|x64
		{FF0F775F-DB8E-4669-B2CD-212A427ED132}.Debug|x64.Build.0 = Debug|x64
		{FF0F775F-DB8E-4669-B2CD-212A427ED132}.Debug|x86.ActiveCfg = Debug|Win32
		{FF0F775F-DB8E-4669-B2CD-212A427ED132}.Debug|x86.Build.0 = Debug|Win32
		{FF0F775F-DB8E-4669-B2CD-212A427ED132}.Release|x64.ActiveCfg = Release|x64
		{FF0F775F-DB8E-4669-B2CD-212A427ED132}.Release|x64.Build.0 = Release|x64
		{FF0F775F-DB8E-4669-B2CD-212A427ED132}.Release|x86.ActiveCfg = Release|Win32
		{FF0F775F-DB8E-4669-B2CD-212A427ED132}.Release|x86.Build.0 = Release|Win32
	EndGlobalSection
	GlobalSection(SolutionProperties) = preSolution
		HideSolutionNode = FALSE
	EndGlobalSection
	GlobalSection(ExtensibilityGlobals) = postSolution
		SolutionGuid = {9F4D5B42-4E00-4835-87B2-D66F446CC7A8}
	EndGlobalSection
EndGlobal
